
Microsoft Visual Studio Solution File, Format Version 12.00
# Visual Studio 15
VisualStudioVersion = 15.0.27130.2036
MinimumVisualStudioVersion = 10.0.40219.1
Project("{888888A0-9F3D-457C-B088-3A5042F75D52}") = "BackendTask", "BackendTask.pyproj", "{576AA226-0550-49AB-BF4F-80D1F52FDFFD}"
EndProject
Global
	GlobalSection(SolutionConfigurationPlatforms) = preSolution
		Debug|Any CPU = Debug|Any CPU
		Release|Any CPU = Release|Any CPU
	EndGlobalSection
	GlobalSection(ProjectConfigurationPlatforms) = postSolution
		{576AA226-0550-49AB-BF4F-80D1F52FDFFD}.Debug|Any CPU.ActiveCfg = Debug|Any CPU
		{576AA226-0550-49AB-BF4F-80D1F52FDFFD}.Release|Any CPU.ActiveCfg = Release|Any CPU
	EndGlobalSection
	GlobalSection(SolutionProperties) = preSolution
		HideSolutionNode = FALSE
	EndGlobalSection
	GlobalSection(ExtensibilityGlobals) = postSolution
		SolutionGuid = {296AB45F-2A40-409F-A8D9-C6034319F13A}
	EndGlobalSection
EndGlobal
